// !$*UTF8*$!
{
	archiveVersion = 1;
	classes = {
	};
	objectVersion = 56;
	objects = {

/* Begin PBXBuildFile section */
		C4754B6B2BD842D8005643A0 /* AppDelegate.swift in Sources */ = {isa = PBXBuildFile; fileRef = C4754B6A2BD842D8005643A0 /* AppDelegate.swift */; };
		C4754B6D2BD842D8005643A0 /* SceneDelegate.swift in Sources */ = {isa = PBXBuildFile; fileRef = C4754B6C2BD842D8005643A0 /* SceneDelegate.swift */; };
		C4754B6F2BD842D8005643A0 /* DescriptionViewController.swift in Sources */ = {isa = PBXBuildFile; fileRef = C4754B6E2BD842D8005643A0 /* DescriptionViewController.swift */; };
		C4754B722BD842D8005643A0 /* Base in Resources */ = {isa = PBXBuildFile; fileRef = C4754B712BD842D8005643A0 /* Base */; };
		C4754B742BD842DA005643A0 /* Assets.xcassets in Resources */ = {isa = PBXBuildFile; fileRef = C4754B732BD842DA005643A0 /* Assets.xcassets */; };
		C4754B772BD842DA005643A0 /* Base in Resources */ = {isa = PBXBuildFile; fileRef = C4754B762BD842DA005643A0 /* Base */; };
		C4754B9B2BD843D8005643A0 /* TableViewController.swift in Sources */ = {isa = PBXBuildFile; fileRef = C4754B9A2BD843D8005643A0 /* TableViewController.swift */; };
		C4754B9D2BD843E7005643A0 /* MapViewController.swift in Sources */ = {isa = PBXBuildFile; fileRef = C4754B9C2BD843E7005643A0 /* MapViewController.swift */; };
		C4754BA12BD8456D005643A0 /* Sights.swift in Sources */ = {isa = PBXBuildFile; fileRef = C4754BA02BD8456D005643A0 /* Sights.swift */; };
/* End PBXBuildFile section */

/* Begin PBXContainerItemProxy section */
		C4754B7E2BD842DA005643A0 /* PBXContainerItemProxy */ = {
			isa = PBXContainerItemProxy;
			containerPortal = C4754B5F2BD842D8005643A0 /* Project object */;
			proxyType = 1;
			remoteGlobalIDString = C4754B662BD842D8005643A0;
			remoteInfo = MapViewKZ;
		};
		C4754B882BD842DA005643A0 /* PBXContainerItemProxy */ = {
			isa = PBXContainerItemProxy;
			containerPortal = C4754B5F2BD842D8005643A0 /* Project object */;
			proxyType = 1;
			remoteGlobalIDString = C4754B662BD842D8005643A0;
			remoteInfo = MapViewKZ;
		};
/* End PBXContainerItemProxy section */

/* Begin PBXFileReference section */
		C4754B672BD842D8005643A0 /* MapViewKZ.app */ = {isa = PBXFileReference; explicitFileType = wrapper.application; includeInIndex = 0; path = MapViewKZ.app; sourceTree = BUILT_PRODUCTS_DIR; };
		C4754B6A2BD842D8005643A0 /* AppDelegate.swift */ = {isa = PBXFileReference; lastKnownFileType = sourcecode.swift; path = AppDelegate.swift; sourceTree = "<group>"; };
		C4754B6C2BD842D8005643A0 /* SceneDelegate.swift */ = {isa = PBXFileReference; lastKnownFileType = sourcecode.swift; path = SceneDelegate.swift; sourceTree = "<group>"; };
		C4754B6E2BD842D8005643A0 /* DescriptionViewController.swift */ = {isa = PBXFileReference; lastKnownFileType = sourcecode.swift; path = DescriptionViewController.swift; sourceTree = "<group>"; };
		C4754B712BD842D8005643A0 /* Base */ = {isa = PBXFileReference; lastKnownFileType = file.storyboard; name = Base; path = Base.lproj/Main.storyboard; sourceTree = "<group>"; };
		C4754B732BD842DA005643A0 /* Assets.xcassets */ = {isa = PBXFileReference; lastKnownFileType = folder.assetcatalog; path = Assets.xcassets; sourceTree = "<group>"; };
		C4754B762BD842DA005643A0 /* Base */ = {isa = PBXFileReference; lastKnownFileType = file.storyboard; name = Base; path = Base.lproj/LaunchScreen.storyboard; sourceTree = "<group>"; };
		C4754B782BD842DA005643A0 /* Info.plist */ = {isa = PBXFileReference; lastKnownFileType = text.plist.xml; path = Info.plist; sourceTree = "<group>"; };
		C4754B7D2BD842DA005643A0 /* MapViewKZTests.xctest */ = {isa = PBXFileReference; explicitFileType = wrapper.cfbundle; includeInIndex = 0; path = MapViewKZTests.xctest; sourceTree = BUILT_PRODUCTS_DIR; };
		C4754B872BD842DA005643A0 /* MapViewKZUITests.xctest */ = {isa = PBXFileReference; explicitFileType = wrapper.cfbundle; includeInIndex = 0; path = MapViewKZUITests.xctest; sourceTree = BUILT_PRODUCTS_DIR; };
		C4754B9A2BD843D8005643A0 /* TableViewController.swift */ = {isa = PBXFileReference; lastKnownFileType = sourcecode.swift; path = TableViewController.swift; sourceTree = "<group>"; };
		C4754B9C2BD843E7005643A0 /* MapViewController.swift */ = {isa = PBXFileReference; lastKnownFileType = sourcecode.swift; path = MapViewController.swift; sourceTree = "<group>"; };
		C4754BA02BD8456D005643A0 /* Sights.swift */ = {isa = PBXFileReference; lastKnownFileType = sourcecode.swift; path = Sights.swift; sourceTree = "<group>"; };
/* End PBXFileReference section */

/* Begin PBXFrameworksBuildPhase section */
		C4754B642BD842D8005643A0 /* Frameworks */ = {
			isa = PBXFrameworksBuildPhase;
			buildActionMask = 2147483647;
			files = (
			);
			runOnlyForDeploymentPostprocessing = 0;
		};
		C4754B7A2BD842DA005643A0 /* Frameworks */ = {
			isa = PBXFrameworksBuildPhase;
			buildActionMask = 2147483647;
			files = (
			);
			runOnlyForDeploymentPostprocessing = 0;
		};
		C4754B842BD842DA005643A0 /* Frameworks */ = {
			isa = PBXFrameworksBuildPhase;
			buildActionMask = 2147483647;
			files = (
			);
			runOnlyForDeploymentPostprocessing = 0;
		};
/* End PBXFrameworksBuildPhase section */

/* Begin PBXGroup section */
		C4754B5E2BD842D8005643A0 = {
			isa = PBXGroup;
			children = (
				C4754B692BD842D8005643A0 /* MapViewKZ */,
				C4754B682BD842D8005643A0 /* Products */,
			);
			sourceTree = "<group>";
		};
		C4754B682BD842D8005643A0 /* Products */ = {
			isa = PBXGroup;
			children = (
				C4754B672BD842D8005643A0 /* MapViewKZ.app */,
				C4754B7D2BD842DA005643A0 /* MapViewKZTests.xctest */,
				C4754B872BD842DA005643A0 /* MapViewKZUITests.xctest */,
			);
			name = Products;
			sourceTree = "<group>";
		};
		C4754B692BD842D8005643A0 /* MapViewKZ */ = {
			isa = PBXGroup;
			children = (
				C4754B9E2BD843FA005643A0 /* AppSettings */,
				C4754BA22BD84575005643A0 /* Model */,
				C4754B9F2BD84407005643A0 /* Controllers */,
				C4754B702BD842D8005643A0 /* Main.storyboard */,
				C4754B752BD842DA005643A0 /* LaunchScreen.storyboard */,
				C4754B732BD842DA005643A0 /* Assets.xcassets */,
				C4754B782BD842DA005643A0 /* Info.plist */,
			);
			path = MapViewKZ;
			sourceTree = "<group>";
		};
		C4754B9E2BD843FA005643A0 /* AppSettings */ = {
			isa = PBXGroup;
			children = (
				C4754B6A2BD842D8005643A0 /* AppDelegate.swift */,
				C4754B6C2BD842D8005643A0 /* SceneDelegate.swift */,
			);
			path = AppSettings;
			sourceTree = "<group>";
		};
		C4754B9F2BD84407005643A0 /* Controllers */ = {
			isa = PBXGroup;
			children = (
				C4754B6E2BD842D8005643A0 /* DescriptionViewController.swift */,
				C4754B9A2BD843D8005643A0 /* TableViewController.swift */,
				C4754B9C2BD843E7005643A0 /* MapViewController.swift */,
			);
			path = Controllers;
			sourceTree = "<group>";
		};
		C4754BA22BD84575005643A0 /* Model */ = {
			isa = PBXGroup;
			children = (
				C4754BA02BD8456D005643A0 /* Sights.swift */,
			);
			path = Model;
			sourceTree = "<group>";
		};
/* End PBXGroup section */

/* Begin PBXNativeTarget section */
		C4754B662BD842D8005643A0 /* MapViewKZ */ = {
			isa = PBXNativeTarget;
			buildConfigurationList = C4754B912BD842DA005643A0 /* Build configuration list for PBXNativeTarget "MapViewKZ" */;
			buildPhases = (
				C4754B632BD842D8005643A0 /* Sources */,
				C4754B642BD842D8005643A0 /* Frameworks */,
				C4754B652BD842D8005643A0 /* Resources */,
			);
			buildRules = (
			);
			dependencies = (
			);
			name = MapViewKZ;
			productName = MapViewKZ;
			productReference = C4754B672BD842D8005643A0 /* MapViewKZ.app */;
			productType = "com.apple.product-type.application";
		};
		C4754B7C2BD842DA005643A0 /* MapViewKZTests */ = {
			isa = PBXNativeTarget;
			buildConfigurationList = C4754B942BD842DA005643A0 /* Build configuration list for PBXNativeTarget "MapViewKZTests" */;
			buildPhases = (
				C4754B792BD842DA005643A0 /* Sources */,
				C4754B7A2BD842DA005643A0 /* Frameworks */,
				C4754B7B2BD842DA005643A0 /* Resources */,
			);
			buildRules = (
			);
			dependencies = (
				C4754B7F2BD842DA005643A0 /* PBXTargetDependency */,
			);
			name = MapViewKZTests;
			productName = MapViewKZTests;
			productReference = C4754B7D2BD842DA005643A0 /* MapViewKZTests.xctest */;
			productType = "com.apple.product-type.bundle.unit-test";
		};
		C4754B862BD842DA005643A0 /* MapViewKZUITests */ = {
			isa = PBXNativeTarget;
			buildConfigurationList = C4754B972BD842DA005643A0 /* Build configuration list for PBXNativeTarget "MapViewKZUITests" */;
			buildPhases = (
				C4754B832BD842DA005643A0 /* Sources */,
				C4754B842BD842DA005643A0 /* Frameworks */,
				C4754B852BD842DA005643A0 /* Resources */,
			);
			buildRules = (
			);
			dependencies = (
				C4754B892BD842DA005643A0 /* PBXTargetDependency */,
			);
			name = MapViewKZUITests;
			productName = MapViewKZUITests;
			productReference = C4754B872BD842DA005643A0 /* MapViewKZUITests.xctest */;
			productType = "com.apple.product-type.bundle.ui-testing";
		};
/* End PBXNativeTarget section */

/* Begin PBXProject section */
		C4754B5F2BD842D8005643A0 /* Project object */ = {
			isa = PBXProject;
			attributes = {
				BuildIndependentTargetsInParallel = 1;
				LastSwiftUpdateCheck = 1530;
				LastUpgradeCheck = 1530;
				TargetAttributes = {
					C4754B662BD842D8005643A0 = {
						CreatedOnToolsVersion = 15.3;
					};
					C4754B7C2BD842DA005643A0 = {
						CreatedOnToolsVersion = 15.3;
						TestTargetID = C4754B662BD842D8005643A0;
					};
					C4754B862BD842DA005643A0 = {
						CreatedOnToolsVersion = 15.3;
						TestTargetID = C4754B662BD842D8005643A0;
					};
				};
			};
			buildConfigurationList = C4754B622BD842D8005643A0 /* Build configuration list for PBXProject "MapViewKZ" */;
			compatibilityVersion = "Xcode 14.0";
			developmentRegion = en;
			hasScannedForEncodings = 0;
			knownRegions = (
				en,
				Base,
			);
			mainGroup = C4754B5E2BD842D8005643A0;
			productRefGroup = C4754B682BD842D8005643A0 /* Products */;
			projectDirPath = "";
			projectRoot = "";
			targets = (
				C4754B662BD842D8005643A0 /* MapViewKZ */,
				C4754B7C2BD842DA005643A0 /* MapViewKZTests */,
				C4754B862BD842DA005643A0 /* MapViewKZUITests */,
			);
		};
/* End PBXProject section */

/* Begin PBXResourcesBuildPhase section */
		C4754B652BD842D8005643A0 /* Resources */ = {
			isa = PBXResourcesBuildPhase;
			buildActionMask = 2147483647;
			files = (
				C4754B742BD842DA005643A0 /* Assets.xcassets in Resources */,
				C4754B772BD842DA005643A0 /* Base in Resources */,
				C4754B722BD842D8005643A0 /* Base in Resources */,
			);
			runOnlyForDeploymentPostprocessing = 0;
		};
		C4754B7B2BD842DA005643A0 /* Resources */ = {
			isa = PBXResourcesBuildPhase;
			buildActionMask = 2147483647;
			files = (
			);
			runOnlyForDeploymentPostprocessing = 0;
		};
		C4754B852BD842DA005643A0 /* Resources */ = {
			isa = PBXResourcesBuildPhase;
			buildActionMask = 2147483647;
			files = (
			);
			runOnlyForDeploymentPostprocessing = 0;
		};
/* End PBXResourcesBuildPhase section */

/* Begin PBXSourcesBuildPhase section */
		C4754B632BD842D8005643A0 /* Sources */ = {
			isa = PBXSourcesBuildPhase;
			buildActionMask = 2147483647;
			files = (
				C4754B6F2BD842D8005643A0 /* DescriptionViewController.swift in Sources */,
				C4754B6B2BD842D8005643A0 /* AppDelegate.swift in Sources */,
				C4754B6D2BD842D8005643A0 /* SceneDelegate.swift in Sources */,
				C4754B9D2BD843E7005643A0 /* MapViewController.swift in Sources */,
				C4754B9B2BD843D8005643A0 /* TableViewController.swift in Sources */,
				C4754BA12BD8456D005643A0 /* Sights.swift in Sources */,
			);
			runOnlyForDeploymentPostprocessing = 0;
		};
		C4754B792BD842DA005643A0 /* Sources */ = {
			isa = PBXSourcesBuildPhase;
			buildActionMask = 2147483647;
			files = (
			);
			runOnlyForDeploymentPostprocessing = 0;
		};
		C4754B832BD842DA005643A0 /* Sources */ = {
			isa = PBXSourcesBuildPhase;
			buildActionMask = 2147483647;
			files = (
			);
			runOnlyForDeploymentPostprocessing = 0;
		};
/* End PBXSourcesBuildPhase section */

/* Begin PBXTargetDependency section */
		C4754B7F2BD842DA005643A0 /* PBXTargetDependency */ = {
			isa = PBXTargetDependency;
			target = C4754B662BD842D8005643A0 /* MapViewKZ */;
			targetProxy = C4754B7E2BD842DA005643A0 /* PBXContainerItemProxy */;
		};
		C4754B892BD842DA005643A0 /* PBXTargetDependency */ = {
			isa = PBXTargetDependency;
			target = C4754B662BD842D8005643A0 /* MapViewKZ */;
			targetProxy = C4754B882BD842DA005643A0 /* PBXContainerItemProxy */;
		};
/* End PBXTargetDependency section */

/* Begin PBXVariantGroup section */
		C4754B702BD842D8005643A0 /* Main.storyboard */ = {
			isa = PBXVariantGroup;
			children = (
				C4754B712BD842D8005643A0 /* Base */,
			);
			name = Main.storyboard;
			sourceTree = "<group>";
		};
		C4754B752BD842DA005643A0 /* LaunchScreen.storyboard */ = {
			isa = PBXVariantGroup;
			children = (
				C4754B762BD842DA005643A0 /* Base */,
			);
			name = LaunchScreen.storyboard;
			sourceTree = "<group>";
		};
/* End PBXVariantGroup section */

/* Begin XCBuildConfiguration section */
		C4754B8F2BD842DA005643A0 /* Debug */ = {
			isa = XCBuildConfiguration;
			buildSettings = {
				ALWAYS_SEARCH_USER_PATHS = NO;
				ASSETCATALOG_COMPILER_GENERATE_SWIFT_ASSET_SYMBOL_EXTENSIONS = YES;
				CLANG_ANALYZER_NONNULL = YES;
				CLANG_ANALYZER_NUMBER_OBJECT_CONVERSION = YES_AGGRESSIVE;
				CLANG_CXX_LANGUAGE_STANDARD = "gnu++20";
				CLANG_ENABLE_MODULES = YES;
				CLANG_ENABLE_OBJC_ARC = YES;
				CLANG_ENABLE_OBJC_WEAK = YES;
				CLANG_WARN_BLOCK_CAPTURE_AUTORELEASING = YES;
				CLANG_WARN_BOOL_CONVERSION = YES;
				CLANG_WARN_COMMA = YES;
				CLANG_WARN_CONSTANT_CONVERSION = YES;
				CLANG_WARN_DEPRECATED_OBJC_IMPLEMENTATIONS = YES;
				CLANG_WARN_DIRECT_OBJC_ISA_USAGE = YES_ERROR;
				CLANG_WARN_DOCUMENTATION_COMMENTS = YES;
				CLANG_WARN_EMPTY_BODY = YES;
				CLANG_WARN_ENUM_CONVERSION = YES;
				CLANG_WARN_INFINITE_RECURSION = YES;
				CLANG_WARN_INT_CONVERSION = YES;
				CLANG_WARN_NON_LITERAL_NULL_CONVERSION = YES;
				CLANG_WARN_OBJC_IMPLICIT_RETAIN_SELF = YES;
				CLANG_WARN_OBJC_LITERAL_CONVERSION = YES;
				CLANG_WARN_OBJC_ROOT_CLASS = YES_ERROR;
				CLANG_WARN_QUOTED_INCLUDE_IN_FRAMEWORK_HEADER = YES;
				CLANG_WARN_RANGE_LOOP_ANALYSIS = YES;
				CLANG_WARN_STRICT_PROTOTYPES = YES;
				CLANG_WARN_SUSPICIOUS_MOVE = YES;
				CLANG_WARN_UNGUARDED_AVAILABILITY = YES_AGGRESSIVE;
				CLANG_WARN_UNREACHABLE_CODE = YES;
				CLANG_WARN__DUPLICATE_METHOD_MATCH = YES;
				COPY_PHASE_STRIP = NO;
				DEBUG_INFORMATION_FORMAT = dwarf;
				ENABLE_STRICT_OBJC_MSGSEND = YES;
				ENABLE_TESTABILITY = YES;
				ENABLE_USER_SCRIPT_SANDBOXING = YES;
				GCC_C_LANGUAGE_STANDARD = gnu17;
				GCC_DYNAMIC_NO_PIC = NO;
				GCC_NO_COMMON_BLOCKS = YES;
				GCC_OPTIMIZATION_LEVEL = 0;
				GCC_PREPROCESSOR_DEFINITIONS = (
					"DEBUG=1",
					"$(inherited)",
				);
				GCC_WARN_64_TO_32_BIT_CONVERSION = YES;
				GCC_WARN_ABOUT_RETURN_TYPE = YES_ERROR;
				GCC_WARN_UNDECLARED_SELECTOR = YES;
				GCC_WARN_UNINITIALIZED_AUTOS = YES_AGGRESSIVE;
				GCC_WARN_UNUSED_FUNCTION = YES;
				GCC_WARN_UNUSED_VARIABLE = YES;
				IPHONEOS_DEPLOYMENT_TARGET = 17.4;
				LOCALIZATION_PREFERS_STRING_CATALOGS = YES;
				MTL_ENABLE_DEBUG_INFO = INCLUDE_SOURCE;
				MTL_FAST_MATH = YES;
				ONLY_ACTIVE_ARCH = YES;
				SDKROOT = iphoneos;
				SWIFT_ACTIVE_COMPILATION_CONDITIONS = "DEBUG $(inherited)";
				SWIFT_OPTIMIZATION_LEVEL = "-Onone";
			};
			name = Debug;
		};
		C4754B902BD842DA005643A0 /* Release */ = {
			isa = XCBuildConfiguration;
			buildSettings = {
				ALWAYS_SEARCH_USER_PATHS = NO;
				ASSETCATALOG_COMPILER_GENERATE_SWIFT_ASSET_SYMBOL_EXTENSIONS = YES;
				CLANG_ANALYZER_NONNULL = YES;
				CLANG_ANALYZER_NUMBER_OBJECT_CONVERSION = YES_AGGRESSIVE;
				CLANG_CXX_LANGUAGE_STANDARD = "gnu++20";
				CLANG_ENABLE_MODULES = YES;
				CLANG_ENABLE_OBJC_ARC = YES;
				CLANG_ENABLE_OBJC_WEAK = YES;
				CLANG_WARN_BLOCK_CAPTURE_AUTORELEASING = YES;
				CLANG_WARN_BOOL_CONVERSION = YES;
				CLANG_WARN_COMMA = YES;
				CLANG_WARN_CONSTANT_CONVERSION = YES;
				CLANG_WARN_DEPRECATED_OBJC_IMPLEMENTATIONS = YES;
				CLANG_WARN_DIRECT_OBJC_ISA_USAGE = YES_ERROR;
				CLANG_WARN_DOCUMENTATION_COMMENTS = YES;
				CLANG_WARN_EMPTY_BODY = YES;
				CLANG_WARN_ENUM_CONVERSION = YES;
				CLANG_WARN_INFINITE_RECURSION = YES;
				CLANG_WARN_INT_CONVERSION = YES;
				CLANG_WARN_NON_LITERAL_NULL_CONVERSION = YES;
				CLANG_WARN_OBJC_IMPLICIT_RETAIN_SELF = YES;
				CLANG_WARN_OBJC_LITERAL_CONVERSION = YES;
				CLANG_WARN_OBJC_ROOT_CLASS = YES_ERROR;
				CLANG_WARN_QUOTED_INCLUDE_IN_FRAMEWORK_HEADER = YES;
				CLANG_WARN_RANGE_LOOP_ANALYSIS = YES;
				CLANG_WARN_STRICT_PROTOTYPES = YES;
				CLANG_WARN_SUSPICIOUS_MOVE = YES;
				CLANG_WARN_UNGUARDED_AVAILABILITY = YES_AGGRESSIVE;
				CLANG_WARN_UNREACHABLE_CODE = YES;
				CLANG_WARN__DUPLICATE_METHOD_MATCH = YES;
				COPY_PHASE_STRIP = NO;
				DEBUG_INFORMATION_FORMAT = "dwarf-with-dsym";
				ENABLE_NS_ASSERTIONS = NO;
				ENABLE_STRICT_OBJC_MSGSEND = YES;
				ENABLE_USER_SCRIPT_SANDBOXING = YES;
				GCC_C_LANGUAGE_STANDARD = gnu17;
				GCC_NO_COMMON_BLOCKS = YES;
				GCC_WARN_64_TO_32_BIT_CONVERSION = YES;
				GCC_WARN_ABOUT_RETURN_TYPE = YES_ERROR;
				GCC_WARN_UNDECLARED_SELECTOR = YES;
				GCC_WARN_UNINITIALIZED_AUTOS = YES_AGGRESSIVE;
				GCC_WARN_UNUSED_FUNCTION = YES;
				GCC_WARN_UNUSED_VARIABLE = YES;
				IPHONEOS_DEPLOYMENT_TARGET = 17.4;
				LOCALIZATION_PREFERS_STRING_CATALOGS = YES;
				MTL_ENABLE_DEBUG_INFO = NO;
				MTL_FAST_MATH = YES;
				SDKROOT = iphoneos;
				SWIFT_COMPILATION_MODE = wholemodule;
				VALIDATE_PRODUCT = YES;
			};
			name = Release;
		};
		C4754B922BD842DA005643A0 /* Debug */ = {
			isa = XCBuildConfiguration;
			buildSettings = {
				ASSETCATALOG_COMPILER_APPICON_NAME = AppIcon;
				ASSETCATALOG_COMPILER_GLOBAL_ACCENT_COLOR_NAME = AccentColor;
				CODE_SIGN_STYLE = Automatic;
				CURRENT_PROJECT_VERSION = 1;
				DEVELOPMENT_TEAM = 477SFTV837;
				GENERATE_INFOPLIST_FILE = YES;
				INFOPLIST_FILE = MapViewKZ/Info.plist;
				INFOPLIST_KEY_UIApplicationSupportsIndirectInputEvents = YES;
				INFOPLIST_KEY_UILaunchStoryboardName = LaunchScreen;
				INFOPLIST_KEY_UIMainStoryboardFile = Main;
				INFOPLIST_KEY_UISupportedInterfaceOrientations_iPad = "UIInterfaceOrientationPortrait UIInterfaceOrientationPortraitUpsideDown UIInterfaceOrientationLandscapeLeft UIInterfaceOrientationLandscapeRight";
				INFOPLIST_KEY_UISupportedInterfaceOrientations_iPhone = "UIInterfaceOrientationPortrait UIInterfaceOrientationLandscapeLeft UIInterfaceOrientationLandscapeRight";
				LD_RUNPATH_SEARCH_PATHS = (
					"$(inherited)",
					"@executable_path/Frameworks",
				);
				MARKETING_VERSION = 1.0;
				PRODUCT_BUNDLE_IDENTIFIER = mereybulatova.MapViewKZ;
				PRODUCT_NAME = "$(TARGET_NAME)";
				SWIFT_EMIT_LOC_STRINGS = YES;
				SWIFT_VERSION = 5.0;
				TARGETED_DEVICE_FAMILY = "1,2";
			};
			name = Debug;
		};
		C4754B932BD842DA005643A0 /* Release */ = {
			isa = XCBuildConfiguration;
			buildSettings = {
				ASSETCATALOG_COMPILER_APPICON_NAME = AppIcon;
				ASSETCATALOG_COMPILER_GLOBAL_ACCENT_COLOR_NAME = AccentColor;
				CODE_SIGN_STYLE = Automatic;
				CURRENT_PROJECT_VERSION = 1;
				DEVELOPMENT_TEAM = 477SFTV837;
				GENERATE_INFOPLIST_FILE = YES;
				INFOPLIST_FILE = MapViewKZ/Info.plist;
				INFOPLIST_KEY_UIApplicationSupportsIndirectInputEvents = YES;
				INFOPLIST_KEY_UILaunchStoryboardName = LaunchScreen;
				INFOPLIST_KEY_UIMainStoryboardFile = Main;
				INFOPLIST_KEY_UISupportedInterfaceOrientations_iPad = "UIInterfaceOrientationPortrait UIInterfaceOrientationPortraitUpsideDown UIInterfaceOrientationLandscapeLeft UIInterfaceOrientationLandscapeRight";
				INFOPLIST_KEY_UISupportedInterfaceOrientations_iPhone = "UIInterfaceOrientationPortrait UIInterfaceOrientationLandscapeLeft UIInterfaceOrientationLandscapeRight";
				LD_RUNPATH_SEARCH_PATHS = (
					"$(inherited)",
					"@executable_path/Frameworks",
				);
				MARKETING_VERSION = 1.0;
				PRODUCT_BUNDLE_IDENTIFIER = mereybulatova.MapViewKZ;
				PRODUCT_NAME = "$(TARGET_NAME)";
				SWIFT_EMIT_LOC_STRINGS = YES;
				SWIFT_VERSION = 5.0;
				TARGETED_DEVICE_FAMILY = "1,2";
			};
			name = Release;
		};
		C4754B952BD842DA005643A0 /* Debug */ = {
			isa = XCBuildConfiguration;
			buildSettings = {
				ALWAYS_EMBED_SWIFT_STANDARD_LIBRARIES = YES;
				BUNDLE_LOADER = "$(TEST_HOST)";
				CODE_SIGN_STYLE = Automatic;
				CURRENT_PROJECT_VERSION = 1;
				DEVELOPMENT_TEAM = 477SFTV837;
				GENERATE_INFOPLIST_FILE = YES;
				IPHONEOS_DEPLOYMENT_TARGET = 17.4;
				MARKETING_VERSION = 1.0;
				PRODUCT_BUNDLE_IDENTIFIER = mereybulatova.MapViewKZTests;
				PRODUCT_NAME = "$(TARGET_NAME)";
				SWIFT_EMIT_LOC_STRINGS = NO;
				SWIFT_VERSION = 5.0;
				TARGETED_DEVICE_FAMILY = "1,2";
				TEST_HOST = "$(BUILT_PRODUCTS_DIR)/MapViewKZ.app/$(BUNDLE_EXECUTABLE_FOLDER_PATH)/MapViewKZ";
			};
			name = Debug;
		};
		C4754B962BD842DA005643A0 /* Release */ = {
			isa = XCBuildConfiguration;
			buildSettings = {
				ALWAYS_EMBED_SWIFT_STANDARD_LIBRARIES = YES;
				BUNDLE_LOADER = "$(TEST_HOST)";
				CODE_SIGN_STYLE = Automatic;
				CURRENT_PROJECT_VERSION = 1;
				DEVELOPMENT_TEAM = 477SFTV837;
				GENERATE_INFOPLIST_FILE = YES;
				IPHONEOS_DEPLOYMENT_TARGET = 17.4;
				MARKETING_VERSION = 1.0;
				PRODUCT_BUNDLE_IDENTIFIER = mereybulatova.MapViewKZTests;
				PRODUCT_NAME = "$(TARGET_NAME)";
				SWIFT_EMIT_LOC_STRINGS = NO;
				SWIFT_VERSION = 5.0;
				TARGETED_DEVICE_FAMILY = "1,2";
				TEST_HOST = "$(BUILT_PRODUCTS_DIR)/MapViewKZ.app/$(BUNDLE_EXECUTABLE_FOLDER_PATH)/MapViewKZ";
			};
			name = Release;
		};
		C4754B982BD842DA005643A0 /* Debug */ = {
			isa = XCBuildConfiguration;
			buildSettings = {
				ALWAYS_EMBED_SWIFT_STANDARD_LIBRARIES = YES;
				CODE_SIGN_STYLE = Automatic;
				CURRENT_PROJECT_VERSION = 1;
				DEVELOPMENT_TEAM = 477SFTV837;
				GENERATE_INFOPLIST_FILE = YES;
				MARKETING_VERSION = 1.0;
				PRODUCT_BUNDLE_IDENTIFIER = mereybulatova.MapViewKZUITests;
				PRODUCT_NAME = "$(TARGET_NAME)";
				SWIFT_EMIT_LOC_STRINGS = NO;
				SWIFT_VERSION = 5.0;
				TARGETED_DEVICE_FAMILY = "1,2";
				TEST_TARGET_NAME = MapViewKZ;
			};
			name = Debug;
		};
		C4754B992BD842DA005643A0 /* Release */ = {
			isa = XCBuildConfiguration;
			buildSettings = {
				ALWAYS_EMBED_SWIFT_STANDARD_LIBRARIES = YES;
				CODE_SIGN_STYLE = Automatic;
				CURRENT_PROJECT_VERSION = 1;
				DEVELOPMENT_TEAM = 477SFTV837;
				GENERATE_INFOPLIST_FILE = YES;
				MARKETING_VERSION = 1.0;
				PRODUCT_BUNDLE_IDENTIFIER = mereybulatova.MapViewKZUITests;
				PRODUCT_NAME = "$(TARGET_NAME)";
				SWIFT_EMIT_LOC_STRINGS = NO;
				SWIFT_VERSION = 5.0;
				TARGETED_DEVICE_FAMILY = "1,2";
				TEST_TARGET_NAME = MapViewKZ;
			};
			name = Release;
		};
/* End XCBuildConfiguration section */

/* Begin XCConfigurationList section */
		C4754B622BD842D8005643A0 /* Build configuration list for PBXProject "MapViewKZ" */ = {
			isa = XCConfigurationList;
			buildConfigurations = (
				C4754B8F2BD842DA005643A0 /* Debug */,
				C4754B902BD842DA005643A0 /* Release */,
			);
			defaultConfigurationIsVisible = 0;
			defaultConfigurationName = Release;
		};
		C4754B912BD842DA005643A0 /* Build configuration list for PBXNativeTarget "MapViewKZ" */ = {
			isa = XCConfigurationList;
			buildConfigurations = (
				C4754B922BD842DA005643A0 /* Debug */,
				C4754B932BD842DA005643A0 /* Release */,
			);
			defaultConfigurationIsVisible = 0;
			defaultConfigurationName = Release;
		};
		C4754B942BD842DA005643A0 /* Build configuration list for PBXNativeTarget "MapViewKZTests" */ = {
			isa = XCConfigurationList;
			buildConfigurations = (
				C4754B952BD842DA005643A0 /* Debug */,
				C4754B962BD842DA005643A0 /* Release */,
			);
			defaultConfigurationIsVisible = 0;
			defaultConfigurationName = Release;
		};
		C4754B972BD842DA005643A0 /* Build configuration list for PBXNativeTarget "MapViewKZUITests" */ = {
			isa = XCConfigurationList;
			buildConfigurations = (
				C4754B982BD842DA005643A0 /* Debug */,
				C4754B992BD842DA005643A0 /* Release */,
			);
			defaultConfigurationIsVisible = 0;
			defaultConfigurationName = Release;
		};
/* End XCConfigurationList section */
	};
	rootObject = C4754B5F2BD842D8005643A0 /* Project object */;
}
